// !$*UTF8*$!
{
	archiveVersion = 1;
	classes = {
	};
	objectVersion = 46;
	objects = {

/* Begin PBXBuildFile section */
		83395CC61A047A0E00BEA60F /* AppDelegate.swift in Sources */ = {isa = PBXBuildFile; fileRef = 83395CC51A047A0E00BEA60F /* AppDelegate.swift */; };
		83395CCB1A047A0E00BEA60F /* Main.storyboard in Resources */ = {isa = PBXBuildFile; fileRef = 83395CC91A047A0E00BEA60F /* Main.storyboard */; };
		83395CCD1A047A0E00BEA60F /* Images.xcassets in Resources */ = {isa = PBXBuildFile; fileRef = 83395CCC1A047A0E00BEA60F /* Images.xcassets */; };
		83395CD01A047A0E00BEA60F /* LaunchScreen.xib in Resources */ = {isa = PBXBuildFile; fileRef = 83395CCE1A047A0E00BEA60F /* LaunchScreen.xib */; };
		83395CE61A047A2400BEA60F /* CustomNavigationController.swift in Sources */ = {isa = PBXBuildFile; fileRef = 83395CE51A047A2400BEA60F /* CustomNavigationController.swift */; };
		83395CE81A047A3E00BEA60F /* RootViewController.swift in Sources */ = {isa = PBXBuildFile; fileRef = 83395CE71A047A3E00BEA60F /* RootViewController.swift */; };
		83395CEA1A047A4F00BEA60F /* AViewController.swift in Sources */ = {isa = PBXBuildFile; fileRef = 83395CE91A047A4F00BEA60F /* AViewController.swift */; };
		83395CEC1A047A5900BEA60F /* BViewController.swift in Sources */ = {isa = PBXBuildFile; fileRef = 83395CEB1A047A5900BEA60F /* BViewController.swift */; };
		83395CEE1A047A6300BEA60F /* CViewController.swift in Sources */ = {isa = PBXBuildFile; fileRef = 83395CED1A047A6300BEA60F /* CViewController.swift */; };
/* End PBXBuildFile section */

/* Begin PBXFileReference section */
		83395CC01A047A0E00BEA60F /* InteractiveCustomTransitionsDemo.app */ = {isa = PBXFileReference; explicitFileType = wrapper.application; includeInIndex = 0; path = InteractiveCustomTransitionsDemo.app; sourceTree = BUILT_PRODUCTS_DIR; };
		83395CC41A047A0E00BEA60F /* Info.plist */ = {isa = PBXFileReference; lastKnownFileType = text.plist.xml; path = Info.plist; sourceTree = "<group>"; };
		83395CC51A047A0E00BEA60F /* AppDelegate.swift */ = {isa = PBXFileReference; lastKnownFileType = sourcecode.swift; path = AppDelegate.swift; sourceTree = "<group>"; };
		83395CCA1A047A0E00BEA60F /* Base */ = {isa = PBXFileReference; lastKnownFileType = file.storyboard; name = Base; path = Base.lproj/Main.storyboard; sourceTree = "<group>"; };
		83395CCC1A047A0E00BEA60F /* Images.xcassets */ = {isa = PBXFileReference; lastKnownFileType = folder.assetcatalog; path = Images.xcassets; sourceTree = "<group>"; };
		83395CCF1A047A0E00BEA60F /* Base */ = {isa = PBXFileReference; lastKnownFileType = file.xib; name = Base; path = Base.lproj/LaunchScreen.xib; sourceTree = "<group>"; };
		83395CE51A047A2400BEA60F /* CustomNavigationController.swift */ = {isa = PBXFileReference; fileEncoding = 4; lastKnownFileType = sourcecode.swift; path = CustomNavigationController.swift; sourceTree = "<group>"; };
		83395CE71A047A3E00BEA60F /* RootViewController.swift */ = {isa = PBXFileReference; fileEncoding = 4; lastKnownFileType = sourcecode.swift; path = RootViewController.swift; sourceTree = "<group>"; };
		83395CE91A047A4F00BEA60F /* AViewController.swift */ = {isa = PBXFileReference; fileEncoding = 4; lastKnownFileType = sourcecode.swift; path = AViewController.swift; sourceTree = "<group>"; };
		83395CEB1A047A5900BEA60F /* BViewController.swift */ = {isa = PBXFileReference; fileEncoding = 4; lastKnownFileType = sourcecode.swift; path = BViewController.swift; sourceTree = "<group>"; };
		83395CED1A047A6300BEA60F /* CViewController.swift */ = {isa = PBXFileReference; fileEncoding = 4; lastKnownFileType = sourcecode.swift; path = CViewController.swift; sourceTree = "<group>"; };
		83395CEF1A047DD500BEA60F /* README.md */ = {isa = PBXFileReference; lastKnownFileType = net.daringfireball.markdown; path = README.md; sourceTree = "<group>"; };
/* End PBXFileReference section */

/* Begin PBXFrameworksBuildPhase section */
		83395CBD1A047A0E00BEA60F /* Frameworks */ = {
			isa = PBXFrameworksBuildPhase;
			buildActionMask = 2147483647;
			files = (
			);
			runOnlyForDeploymentPostprocessing = 0;
		};
/* End PBXFrameworksBuildPhase section */

/* Begin PBXGroup section */
		83395CB71A047A0E00BEA60F = {
			isa = PBXGroup;
			children = (
				83395CEF1A047DD500BEA60F /* README.md */,
				83395CC21A047A0E00BEA60F /* InteractiveCustomTransitionsDemo */,
				83395CC11A047A0E00BEA60F /* Products */,
			);
			sourceTree = "<group>";
		};
		83395CC11A047A0E00BEA60F /* Products */ = {
			isa = PBXGroup;
			children = (
				83395CC01A047A0E00BEA60F /* InteractiveCustomTransitionsDemo.app */,
			);
			name = Products;
			sourceTree = "<group>";
		};
		83395CC21A047A0E00BEA60F /* InteractiveCustomTransitionsDemo */ = {
			isa = PBXGroup;
			children = (
				83395CC51A047A0E00BEA60F /* AppDelegate.swift */,
				83395CE71A047A3E00BEA60F /* RootViewController.swift */,
				83395CE51A047A2400BEA60F /* CustomNavigationController.swift */,
				83395CE91A047A4F00BEA60F /* AViewController.swift */,
				83395CEB1A047A5900BEA60F /* BViewController.swift */,
				83395CED1A047A6300BEA60F /* CViewController.swift */,
				83395CC91A047A0E00BEA60F /* Main.storyboard */,
				83395CCC1A047A0E00BEA60F /* Images.xcassets */,
				83395CCE1A047A0E00BEA60F /* LaunchScreen.xib */,
				83395CC31A047A0E00BEA60F /* Supporting Files */,
			);
			path = InteractiveCustomTransitionsDemo;
			sourceTree = "<group>";
		};
		83395CC31A047A0E00BEA60F /* Supporting Files */ = {
			isa = PBXGroup;
			children = (
				83395CC41A047A0E00BEA60F /* Info.plist */,
			);
			name = "Supporting Files";
			sourceTree = "<group>";
		};
/* End PBXGroup section */

/* Begin PBXNativeTarget section */
		83395CBF1A047A0E00BEA60F /* InteractiveCustomTransitionsDemo */ = {
			isa = PBXNativeTarget;
			buildConfigurationList = 83395CDF1A047A0E00BEA60F /* Build configuration list for PBXNativeTarget "InteractiveCustomTransitionsDemo" */;
			buildPhases = (
				83395CBC1A047A0E00BEA60F /* Sources */,
				83395CBD1A047A0E00BEA60F /* Frameworks */,
				83395CBE1A047A0E00BEA60F /* Resources */,
			);
			buildRules = (
			);
			dependencies = (
			);
			name = InteractiveCustomTransitionsDemo;
			productName = InteractiveCustomTransitionsDemo;
			productReference = 83395CC01A047A0E00BEA60F /* InteractiveCustomTransitionsDemo.app */;
			productType = "com.apple.product-type.application";
		};
/* End PBXNativeTarget section */

/* Begin PBXProject section */
		83395CB81A047A0E00BEA60F /* Project object */ = {
			isa = PBXProject;
			attributes = {
				LastSwiftMigration = 0710;
				LastSwiftUpdateCheck = 0710;
				LastUpgradeCheck = 0830;
				ORGANIZATIONNAME = "Robert Ryan";
				TargetAttributes = {
					83395CBF1A047A0E00BEA60F = {
						CreatedOnToolsVersion = 6.1;
						LastSwiftMigration = 0830;
					};
				};
			};
			buildConfigurationList = 83395CBB1A047A0E00BEA60F /* Build configuration list for PBXProject "InteractiveCustomTransitionsDemo" */;
			compatibilityVersion = "Xcode 3.2";
			developmentRegion = English;
			hasScannedForEncodings = 0;
			knownRegions = (
				en,
				Base,
			);
			mainGroup = 83395CB71A047A0E00BEA60F;
			productRefGroup = 83395CC11A047A0E00BEA60F /* Products */;
			projectDirPath = "";
			projectRoot = "";
			targets = (
				83395CBF1A047A0E00BEA60F /* InteractiveCustomTransitionsDemo */,
			);
		};
/* End PBXProject section */

/* Begin PBXResourcesBuildPhase section */
		83395CBE1A047A0E00BEA60F /* Resources */ = {
			isa = PBXResourcesBuildPhase;
			buildActionMask = 2147483647;
			files = (
				83395CCB1A047A0E00BEA60F /* Main.storyboard in Resources */,
				83395CD01A047A0E00BEA60F /* LaunchScreen.xib in Resources */,
				83395CCD1A047A0E00BEA60F /* Images.xcassets in Resources */,
			);
			runOnlyForDeploymentPostprocessing = 0;
		};
/* End PBXResourcesBuildPhase section */

/* Begin PBXSourcesBuildPhase section */
		83395CBC1A047A0E00BEA60F /* Sources */ = {
			isa = PBXSourcesBuildPhase;
			buildActionMask = 2147483647;
			files = (
				83395CE61A047A2400BEA60F /* CustomNavigationController.swift in Sources */,
				83395CEC1A047A5900BEA60F /* BViewController.swift in Sources */,
				83395CEE1A047A6300BEA60F /* CViewController.swift in Sources */,
				83395CE81A047A3E00BEA60F /* RootViewController.swift in Sources */,
				83395CC61A047A0E00BEA60F /* AppDelegate.swift in Sources */,
				83395CEA1A047A4F00BEA60F /* AViewController.swift in Sources */,
			);
			runOnlyForDeploymentPostprocessing = 0;
		};
/* End PBXSourcesBuildPhase section */

/* Begin PBXVariantGroup section */
		83395CC91A047A0E00BEA60F /* Main.storyboard */ = {
			isa = PBXVariantGroup;
			children = (
				83395CCA1A047A0E00BEA60F /* Base */,
			);
			name = Main.storyboard;
			sourceTree = "<group>";
		};
		83395CCE1A047A0E00BEA60F /* LaunchScreen.xib */ = {
			isa = PBXVariantGroup;
			children = (
				83395CCF1A047A0E00BEA60F /* Base */,
			);
			name = LaunchScreen.xib;
			sourceTree = "<group>";
		};
/* End PBXVariantGroup section */

/* Begin XCBuildConfiguration section */
		83395CDD1A047A0E00BEA60F /* Debug */ = {
			isa = XCBuildConfiguration;
			buildSettings = {
				ALWAYS_SEARCH_USER_PATHS = NO;
				CLANG_CXX_LANGUAGE_STANDARD = "gnu++0x";
				CLANG_CXX_LIBRARY = "libc++";
				CLANG_ENABLE_MODULES = YES;
				CLANG_ENABLE_OBJC_ARC = YES;
				CLANG_WARN_BOOL_CONVERSION = YES;
				CLANG_WARN_CONSTANT_CONVERSION = YES;
				CLANG_WARN_DIRECT_OBJC_ISA_USAGE = YES_ERROR;
				CLANG_WARN_EMPTY_BODY = YES;
				CLANG_WARN_ENUM_CONVERSION = YES;
				CLANG_WARN_INFINITE_RECURSION = YES;
				CLANG_WARN_INT_CONVERSION = YES;
				CLANG_WARN_OBJC_ROOT_CLASS = YES_ERROR;
				CLANG_WARN_SUSPICIOUS_MOVE = YES;
				CLANG_WARN_UNREACHABLE_CODE = YES;
				CLANG_WARN__DUPLICATE_METHOD_MATCH = YES;
				"CODE_SIGN_IDENTITY[sdk=iphoneos*]" = "iPhone Developer";
				COPY_PHASE_STRIP = NO;
				ENABLE_STRICT_OBJC_MSGSEND = YES;
				ENABLE_TESTABILITY = YES;
				GCC_C_LANGUAGE_STANDARD = gnu99;
				GCC_DYNAMIC_NO_PIC = NO;
				GCC_NO_COMMON_BLOCKS = YES;
				GCC_OPTIMIZATION_LEVEL = 0;
				GCC_PREPROCESSOR_DEFINITIONS = (
					"DEBUG=1",
					"$(inherited)",
				);
				GCC_SYMBOLS_PRIVATE_EXTERN = NO;
				GCC_WARN_64_TO_32_BIT_CONVERSION = YES;
				GCC_WARN_ABOUT_RETURN_TYPE = YES_ERROR;
				GCC_WARN_UNDECLARED_SELECTOR = YES;
				GCC_WARN_UNINITIALIZED_AUTOS = YES_AGGRESSIVE;
				GCC_WARN_UNUSED_FUNCTION = YES;
				GCC_WARN_UNUSED_VARIABLE = YES;
				IPHONEOS_DEPLOYMENT_TARGET = 8.1;
				MTL_ENABLE_DEBUG_INFO = YES;
				ONLY_ACTIVE_ARCH = YES;
				SDKROOT = iphoneos;
				SWIFT_OPTIMIZATION_LEVEL = "-Onone";
			};
			name = Debug;
		};
		83395CDE1A047A0E00BEA60F /* Release */ = {
			isa = XCBuildConfiguration;
			buildSettings = {
				ALWAYS_SEARCH_USER_PATHS = NO;
				CLANG_CXX_LANGUAGE_STANDARD = "gnu++0x";
				CLANG_CXX_LIBRARY = "libc++";
				CLANG_ENABLE_MODULES = YES;
				CLANG_ENABLE_OBJC_ARC = YES;
				CLANG_WARN_BOOL_CONVERSION = YES;
				CLANG_WARN_CONSTANT_CONVERSION = YES;
				CLANG_WARN_DIRECT_OBJC_ISA_USAGE = YES_ERROR;
				CLANG_WARN_EMPTY_BODY = YES;
				CLANG_WARN_ENUM_CONVERSION = YES;
				CLANG_WARN_INFINITE_RECURSION = YES;
				CLANG_WARN_INT_CONVERSION = YES;
				CLANG_WARN_OBJC_ROOT_CLASS = YES_ERROR;
				CLANG_WARN_SUSPICIOUS_MOVE = YES;
				CLANG_WARN_UNREACHABLE_CODE = YES;
				CLANG_WARN__DUPLICATE_METHOD_MATCH = YES;
				"CODE_SIGN_IDENTITY[sdk=iphoneos*]" = "iPhone Developer";
				COPY_PHASE_STRIP = YES;
				ENABLE_NS_ASSERTIONS = NO;
				ENABLE_STRICT_OBJC_MSGSEND = YES;
				GCC_C_LANGUAGE_STANDARD = gnu99;
				GCC_NO_COMMON_BLOCKS = YES;
				GCC_WARN_64_TO_32_BIT_CONVERSION = YES;
				GCC_WARN_ABOUT_RETURN_TYPE = YES_ERROR;
				GCC_WARN_UNDECLARED_SELECTOR = YES;
				GCC_WARN_UNINITIALIZED_AUTOS = YES_AGGRESSIVE;
				GCC_WARN_UNUSED_FUNCTION = YES;
				GCC_WARN_UNUSED_VARIABLE = YES;
				IPHONEOS_DEPLOYMENT_TARGET = 8.1;
				MTL_ENABLE_DEBUG_INFO = NO;
				SDKROOT = iphoneos;
				SWIFT_OPTIMIZATION_LEVEL = "-Owholemodule";
				VALIDATE_PRODUCT = YES;
			};
			name = Release;
		};
		83395CE01A047A0E00BEA60F /* Debug */ = {
			isa = XCBuildConfiguration;
			buildSettings = {
				ASSETCATALOG_COMPILER_APPICON_NAME = AppIcon;
				INFOPLIST_FILE = InteractiveCustomTransitionsDemo/Info.plist;
				LD_RUNPATH_SEARCH_PATHS = "$(inherited) @executable_path/Frameworks";
				PRODUCT_BUNDLE_IDENTIFIER = "com.robertmryan.$(PRODUCT_NAME:rfc1034identifier)";
				PRODUCT_NAME = "$(TARGET_NAME)";
				SWIFT_VERSION = 3.0;
			};
			name = Debug;
		};
		83395CE11A047A0E00BEA60F /* Release */ = {
			isa = XCBuildConfiguration;
			buildSettings = {
				ASSETCATALOG_COMPILER_APPICON_NAME = AppIcon;
				INFOPLIST_FILE = InteractiveCustomTransitionsDemo/Info.plist;
				LD_RUNPATH_SEARCH_PATHS = "$(inherited) @executable_path/Frameworks";
				PRODUCT_BUNDLE_IDENTIFIER = "com.robertmryan.$(PRODUCT_NAME:rfc1034identifier)";
				PRODUCT_NAME = "$(TARGET_NAME)";
				SWIFT_VERSION = 3.0;
			};
			name = Release;
		};
/* End XCBuildConfiguration section */

/* Begin XCConfigurationList section */
		83395CBB1A047A0E00BEA60F /* Build configuration list for PBXProject "InteractiveCustomTransitionsDemo" */ = {
			isa = XCConfigurationList;
			buildConfigurations = (
				83395CDD1A047A0E00BEA60F /* Debug */,
				83395CDE1A047A0E00BEA60F /* Release */,
			);
			defaultConfigurationIsVisible = 0;
			defaultConfigurationName = Release;
		};
		83395CDF1A047A0E00BEA60F /* Build configuration list for PBXNativeTarget "InteractiveCustomTransitionsDemo" */ = {
			isa = XCConfigurationList;
			buildConfigurations = (
				83395CE01A047A0E00BEA60F /* Debug */,
				83395CE11A047A0E00BEA60F /* Release */,
			);
			defaultConfigurationIsVisible = 0;
			defaultConfigurationName = Release;
		};
/* End XCConfigurationList section */
	};
	rootObject = 83395CB81A047A0E00BEA60F /* Project object */;
}
